// !$*UTF8*$!
{
	archiveVersion = 1;
	classes = {
	};
	objectVersion = 50;
	objects = {

/* Begin PBXFileReference section */
		470530B924AEC69E00FCAF68 /* main.c */ = {isa = PBXFileReference; lastKnownFileType = sourcecode.c.c; name = main.c; path = src/main.c; sourceTree = "<group>"; };
		470530BB24AECFA800FCAF68 /* diokol.h */ = {isa = PBXFileReference; lastKnownFileType = sourcecode.c.h; name = diokol.h; path = include/diokol.h; sourceTree = "<group>"; };
/* End PBXFileReference section */

/* Begin PBXGroup section */
		474F7BBA24AEC668005D1FEE = {
			isa = PBXGroup;
			children = (
				470530B924AEC69E00FCAF68 /* main.c */,
				470530BB24AECFA800FCAF68 /* diokol.h */,
			);
			sourceTree = "<group>";
		};
/* End PBXGroup section */

/* Begin PBXProject section */
		474F7BBB24AEC668005D1FEE /* Project object */ = {
			isa = PBXProject;
			attributes = {
				LastUpgradeCheck = 1000;
			};
			buildConfigurationList = 474F7BBE24AEC668005D1FEE /* Build configuration list for PBXProject "Diokol" */;
			compatibilityVersion = "Xcode 9.3";
			developmentRegion = en;
			hasScannedForEncodings = 0;
			knownRegions = (
				en,
			);
			mainGroup = 474F7BBA24AEC668005D1FEE;
			projectDirPath = "";
			projectRoot = "";
			targets = (
			);
		};
/* End PBXProject section */

/* Begin XCBuildConfiguration section */
		474F7BBF24AEC668005D1FEE /* Debug */ = {
			isa = XCBuildConfiguration;
			buildSettings = {
			};
			name = Debug;
		};
		474F7BC024AEC668005D1FEE /* Release */ = {
			isa = XCBuildConfiguration;
			buildSettings = {
			};
			name = Release;
		};
/* End XCBuildConfiguration section */

/* Begin XCConfigurationList section */
		474F7BBE24AEC668005D1FEE /* Build configuration list for PBXProject "Diokol" */ = {
			isa = XCConfigurationList;
			buildConfigurations = (
				474F7BBF24AEC668005D1FEE /* Debug */,
				474F7BC024AEC668005D1FEE /* Release */,
			);
			defaultConfigurationIsVisible = 0;
			defaultConfigurationName = Release;
		};
/* End XCConfigurationList section */
	};
	rootObject = 474F7BBB24AEC668005D1FEE /* Project object */;
}
